
Microsoft Visual Studio Solution File, Format Version 12.00
# Visual Studio 15
VisualStudioVersion = 15.0.28307.271
MinimumVisualStudioVersion = 10.0.40219.1
Project("{FAE04EC0-301F-11D3-BF4B-00C04F79EFBC}") = "RockPaperScissorsLizardSpock", "RockPaperScissorsLizardSpock\RockPaperScissorsLizardSpock.csproj", "{8DE05786-8D33-439C-997A-F4B6BC8F03DD}"
EndProject
Global
	GlobalSection(SolutionConfigurationPlatforms) = preSolution
		Debug|Any CPU = Debug|Any CPU
		Release|Any CPU = Release|Any CPU
	EndGlobalSection
	GlobalSection(ProjectConfigurationPlatforms) = postSolution
		{8DE05786-8D33-439C-997A-F4B6BC8F03DD}.Debug|Any CPU.ActiveCfg = Debug|Any CPU
		{8DE05786-8D33-439C-997A-F4B6BC8F03DD}.Debug|Any CPU.Build.0 = Debug|Any CPU
		{8DE05786-8D33-439C-997A-F4B6BC8F03DD}.Release|Any CPU.ActiveCfg = Release|Any CPU
		{8DE05786-8D33-439C-997A-F4B6BC8F03DD}.Release|Any CPU.Build.0 = Release|Any CPU
	EndGlobalSection
	GlobalSection(SolutionProperties) = preSolution
		HideSolutionNode = FALSE
	EndGlobalSection
	GlobalSection(ExtensibilityGlobals) = postSolution
		SolutionGuid = {A8D2E6C5-F076-4800-B0DF-A117EF3BF4FF}
	EndGlobalSection
EndGlobal
